
Microsoft Visual Studio Solution File, Format Version 12.00
# Visual Studio Version 17
VisualStudioVersion = 17.11.35222.181
MinimumVisualStudioVersion = 10.0.40219.1
Project("{8BC9CEB8-8B4A-11D0-8D11-00A0C91BC942}") = "11.3", "11.3\11.3.vcxproj", "{87284175-5197-4172-BB67-5D1DF01B8987}"
EndProject
Project("{8BC9CEB8-8B4A-11D0-8D11-00A0C91BC942}") = "UnitTest1", "UnitTest1\UnitTest1.vcxproj", "{E59CF10C-F9FD-4DAA-B0FA-982F0B0E1785}"
EndProject
Global
	GlobalSection(SolutionConfigurationPlatforms) = preSolution
		Debug|x64 = Debug|x64
		Debug|x86 = Debug|x86
		Release|x64 = Release|x64
		Release|x86 = Release|x86
	EndGlobalSection
	GlobalSection(ProjectConfigurationPlatforms) = postSolution
		{87284175-5197-4172-BB67-5D1DF01B8987}.Debug|x64.ActiveCfg = Debug|x64
		{87284175-5197-4172-BB67-5D1DF01B8987}.Debug|x64.Build.0 = Debug|x64
		{87284175-5197-4172-BB67-5D1DF01B8987}.Debug|x86.ActiveCfg = Debug|Win32
		{87284175-5197-4172-BB67-5D1DF01B8987}.Debug|x86.Build.0 = Debug|Win32
		{87284175-5197-4172-BB67-5D1DF01B8987}.Release|x64.ActiveCfg = Release|x64
		{87284175-5197-4172-BB67-5D1DF01B8987}.Release|x64.Build.0 = Release|x64
		{87284175-5197-4172-BB67-5D1DF01B8987}.Release|x86.ActiveCfg = Release|Win32
		{87284175-5197-4172-BB67-5D1DF01B8987}.Release|x86.Build.0 = Release|Win32
		{E59CF10C-F9FD-4DAA-B0FA-982F0B0E1785}.Debug|x64.ActiveCfg = Debug|x64
		{E59CF10C-F9FD-4DAA-B0FA-982F0B0E1785}.Debug|x64.Build.0 = Debug|x64
		{E59CF10C-F9FD-4DAA-B0FA-982F0B0E1785}.Debug|x86.ActiveCfg = Debug|Win32
		{E59CF10C-F9FD-4DAA-B0FA-982F0B0E1785}.Debug|x86.Build.0 = Debug|Win32
		{E59CF10C-F9FD-4DAA-B0FA-982F0B0E1785}.Release|x64.ActiveCfg = Release|x64
		{E59CF10C-F9FD-4DAA-B0FA-982F0B0E1785}.Release|x64.Build.0 = Release|x64
		{E59CF10C-F9FD-4DAA-B0FA-982F0B0E1785}.Release|x86.ActiveCfg = Release|Win32
		{E59CF10C-F9FD-4DAA-B0FA-982F0B0E1785}.Release|x86.Build.0 = Release|Win32
	EndGlobalSection
	GlobalSection(SolutionProperties) = preSolution
		HideSolutionNode = FALSE
	EndGlobalSection
	GlobalSection(ExtensibilityGlobals) = postSolution
		SolutionGuid = {514A381E-C3F8-45AC-A35C-032928714530}
	EndGlobalSection
EndGlobal
